// !$*UTF8*$!
{
	archiveVersion = 1;
	classes = {
	};
	objectVersion = 51;
	objects = {

/* Begin PBXBuildFile section */
		1318EE6BA95104DF0DB00B49 /* Pods_parstagram.framework in Frameworks */ = {isa = PBXBuildFile; fileRef = 1687E2BDDAB0D824D73A87B6 /* Pods_parstagram.framework */; };
		260224B125F82B6A007FA55E /* AppDelegate.swift in Sources */ = {isa = PBXBuildFile; fileRef = 260224B025F82B6A007FA55E /* AppDelegate.swift */; };
		260224B325F82B6A007FA55E /* SceneDelegate.swift in Sources */ = {isa = PBXBuildFile; fileRef = 260224B225F82B6A007FA55E /* SceneDelegate.swift */; };
		260224B825F82B6A007FA55E /* Main.storyboard in Resources */ = {isa = PBXBuildFile; fileRef = 260224B625F82B6A007FA55E /* Main.storyboard */; };
		260224BA25F82B6D007FA55E /* Assets.xcassets in Resources */ = {isa = PBXBuildFile; fileRef = 260224B925F82B6D007FA55E /* Assets.xcassets */; };
		260224BD25F82B6D007FA55E /* LaunchScreen.storyboard in Resources */ = {isa = PBXBuildFile; fileRef = 260224BB25F82B6D007FA55E /* LaunchScreen.storyboard */; };
		260224C825F82B6D007FA55E /* parstagramTests.swift in Sources */ = {isa = PBXBuildFile; fileRef = 260224C725F82B6D007FA55E /* parstagramTests.swift */; };
		260224D325F82B6D007FA55E /* parstagramUITests.swift in Sources */ = {isa = PBXBuildFile; fileRef = 260224D225F82B6D007FA55E /* parstagramUITests.swift */; };
		260224F025F83E20007FA55E /* LoginViewController.swift in Sources */ = {isa = PBXBuildFile; fileRef = 260224EF25F83E20007FA55E /* LoginViewController.swift */; };
		260224F525F83E2B007FA55E /* FeedViewController.swift in Sources */ = {isa = PBXBuildFile; fileRef = 260224F425F83E2B007FA55E /* FeedViewController.swift */; };
		260224FA25F844F4007FA55E /* CameraViewController.swift in Sources */ = {isa = PBXBuildFile; fileRef = 260224F925F844F4007FA55E /* CameraViewController.swift */; };
		2632080325F87EFE001828BA /* PostCell.swift in Sources */ = {isa = PBXBuildFile; fileRef = 2632080225F87EFE001828BA /* PostCell.swift */; };
		2632080826052586001828BA /* CommentCell.swift in Sources */ = {isa = PBXBuildFile; fileRef = 2632080726052586001828BA /* CommentCell.swift */; };
		507C532521555835D35CFBAF /* Pods_parstagram_parstagramUITests.framework in Frameworks */ = {isa = PBXBuildFile; fileRef = 9817BD2276A69E270A3F0A67 /* Pods_parstagram_parstagramUITests.framework */; };
		50F6A698B29285AAE421C5C4 /* Pods_parstagramTests.framework in Frameworks */ = {isa = PBXBuildFile; fileRef = 137F6CC2D92530E87AFAF059 /* Pods_parstagramTests.framework */; };
/* End PBXBuildFile section */

/* Begin PBXContainerItemProxy section */
		260224C425F82B6D007FA55E /* PBXContainerItemProxy */ = {
			isa = PBXContainerItemProxy;
			containerPortal = 260224A525F82B6A007FA55E /* Project object */;
			proxyType = 1;
			remoteGlobalIDString = 260224AC25F82B6A007FA55E;
			remoteInfo = parstagram;
		};
		260224CF25F82B6D007FA55E /* PBXContainerItemProxy */ = {
			isa = PBXContainerItemProxy;
			containerPortal = 260224A525F82B6A007FA55E /* Project object */;
			proxyType = 1;
			remoteGlobalIDString = 260224AC25F82B6A007FA55E;
			remoteInfo = parstagram;
		};
/* End PBXContainerItemProxy section */

/* Begin PBXFileReference section */
		0CAC9E8DCD8474F729BC4A14 /* Pods-parstagramTests.release.xcconfig */ = {isa = PBXFileReference; includeInIndex = 1; lastKnownFileType = text.xcconfig; name = "Pods-parstagramTests.release.xcconfig"; path = "Target Support Files/Pods-parstagramTests/Pods-parstagramTests.release.xcconfig"; sourceTree = "<group>"; };
		137F6CC2D92530E87AFAF059 /* Pods_parstagramTests.framework */ = {isa = PBXFileReference; explicitFileType = wrapper.framework; includeInIndex = 0; path = Pods_parstagramTests.framework; sourceTree = BUILT_PRODUCTS_DIR; };
		159DBC148ED9645FF42B07E2 /* Pods-parstagramTests.debug.xcconfig */ = {isa = PBXFileReference; includeInIndex = 1; lastKnownFileType = text.xcconfig; name = "Pods-parstagramTests.debug.xcconfig"; path = "Target Support Files/Pods-parstagramTests/Pods-parstagramTests.debug.xcconfig"; sourceTree = "<group>"; };
		1687E2BDDAB0D824D73A87B6 /* Pods_parstagram.framework */ = {isa = PBXFileReference; explicitFileType = wrapper.framework; includeInIndex = 0; path = Pods_parstagram.framework; sourceTree = BUILT_PRODUCTS_DIR; };
		260224AD25F82B6A007FA55E /* parstagram.app */ = {isa = PBXFileReference; explicitFileType = wrapper.application; includeInIndex = 0; path = parstagram.app; sourceTree = BUILT_PRODUCTS_DIR; };
		260224B025F82B6A007FA55E /* AppDelegate.swift */ = {isa = PBXFileReference; lastKnownFileType = sourcecode.swift; path = AppDelegate.swift; sourceTree = "<group>"; };
		260224B225F82B6A007FA55E /* SceneDelegate.swift */ = {isa = PBXFileReference; lastKnownFileType = sourcecode.swift; path = SceneDelegate.swift; sourceTree = "<group>"; };
		260224B725F82B6A007FA55E /* Base */ = {isa = PBXFileReference; lastKnownFileType = file.storyboard; name = Base; path = Base.lproj/Main.storyboard; sourceTree = "<group>"; };
		260224B925F82B6D007FA55E /* Assets.xcassets */ = {isa = PBXFileReference; lastKnownFileType = folder.assetcatalog; path = Assets.xcassets; sourceTree = "<group>"; };
		260224BC25F82B6D007FA55E /* Base */ = {isa = PBXFileReference; lastKnownFileType = file.storyboard; name = Base; path = Base.lproj/LaunchScreen.storyboard; sourceTree = "<group>"; };
		260224BE25F82B6D007FA55E /* Info.plist */ = {isa = PBXFileReference; lastKnownFileType = text.plist.xml; path = Info.plist; sourceTree = "<group>"; };
		260224C325F82B6D007FA55E /* parstagramTests.xctest */ = {isa = PBXFileReference; explicitFileType = wrapper.cfbundle; includeInIndex = 0; path = parstagramTests.xctest; sourceTree = BUILT_PRODUCTS_DIR; };
		260224C725F82B6D007FA55E /* parstagramTests.swift */ = {isa = PBXFileReference; lastKnownFileType = sourcecode.swift; path = parstagramTests.swift; sourceTree = "<group>"; };
		260224C925F82B6D007FA55E /* Info.plist */ = {isa = PBXFileReference; lastKnownFileType = text.plist.xml; path = Info.plist; sourceTree = "<group>"; };
		260224CE25F82B6D007FA55E /* parstagramUITests.xctest */ = {isa = PBXFileReference; explicitFileType = wrapper.cfbundle; includeInIndex = 0; path = parstagramUITests.xctest; sourceTree = BUILT_PRODUCTS_DIR; };
		260224D225F82B6D007FA55E /* parstagramUITests.swift */ = {isa = PBXFileReference; lastKnownFileType = sourcecode.swift; path = parstagramUITests.swift; sourceTree = "<group>"; };
		260224D425F82B6D007FA55E /* Info.plist */ = {isa = PBXFileReference; lastKnownFileType = text.plist.xml; path = Info.plist; sourceTree = "<group>"; };
		260224EF25F83E20007FA55E /* LoginViewController.swift */ = {isa = PBXFileReference; lastKnownFileType = sourcecode.swift; path = LoginViewController.swift; sourceTree = "<group>"; };
		260224F425F83E2B007FA55E /* FeedViewController.swift */ = {isa = PBXFileReference; lastKnownFileType = sourcecode.swift; path = FeedViewController.swift; sourceTree = "<group>"; };
		260224F925F844F4007FA55E /* CameraViewController.swift */ = {isa = PBXFileReference; lastKnownFileType = sourcecode.swift; path = CameraViewController.swift; sourceTree = "<group>"; };
		2632080225F87EFE001828BA /* PostCell.swift */ = {isa = PBXFileReference; lastKnownFileType = sourcecode.swift; path = PostCell.swift; sourceTree = "<group>"; };
		2632080726052586001828BA /* CommentCell.swift */ = {isa = PBXFileReference; lastKnownFileType = sourcecode.swift; path = CommentCell.swift; sourceTree = "<group>"; };
		52590F8F0280306BE442B2DA /* Pods-parstagram.release.xcconfig */ = {isa = PBXFileReference; includeInIndex = 1; lastKnownFileType = text.xcconfig; name = "Pods-parstagram.release.xcconfig"; path = "Target Support Files/Pods-parstagram/Pods-parstagram.release.xcconfig"; sourceTree = "<group>"; };
		849AC3BC70473F0709C82DDA /* Pods-parstagram-parstagramUITests.release.xcconfig */ = {isa = PBXFileReference; includeInIndex = 1; lastKnownFileType = text.xcconfig; name = "Pods-parstagram-parstagramUITests.release.xcconfig"; path = "Target Support Files/Pods-parstagram-parstagramUITests/Pods-parstagram-parstagramUITests.release.xcconfig"; sourceTree = "<group>"; };
		9817BD2276A69E270A3F0A67 /* Pods_parstagram_parstagramUITests.framework */ = {isa = PBXFileReference; explicitFileType = wrapper.framework; includeInIndex = 0; path = Pods_parstagram_parstagramUITests.framework; sourceTree = BUILT_PRODUCTS_DIR; };
		C7CF32B534E63B7DF949F9EC /* Pods-parstagram-parstagramUITests.debug.xcconfig */ = {isa = PBXFileReference; includeInIndex = 1; lastKnownFileType = text.xcconfig; name = "Pods-parstagram-parstagramUITests.debug.xcconfig"; path = "Target Support Files/Pods-parstagram-parstagramUITests/Pods-parstagram-parstagramUITests.debug.xcconfig"; sourceTree = "<group>"; };
		DC2BBFC7CDAB495C39AE9FEC /* Pods-parstagram.debug.xcconfig */ = {isa = PBXFileReference; includeInIndex = 1; lastKnownFileType = text.xcconfig; name = "Pods-parstagram.debug.xcconfig"; path = "Target Support Files/Pods-parstagram/Pods-parstagram.debug.xcconfig"; sourceTree = "<group>"; };
/* End PBXFileReference section */

/* Begin PBXFrameworksBuildPhase section */
		260224AA25F82B6A007FA55E /* Frameworks */ = {
			isa = PBXFrameworksBuildPhase;
			buildActionMask = 2147483647;
			files = (
				1318EE6BA95104DF0DB00B49 /* Pods_parstagram.framework in Frameworks */,
			);
			runOnlyForDeploymentPostprocessing = 0;
		};
		260224C025F82B6D007FA55E /* Frameworks */ = {
			isa = PBXFrameworksBuildPhase;
			buildActionMask = 2147483647;
			files = (
				50F6A698B29285AAE421C5C4 /* Pods_parstagramTests.framework in Frameworks */,
			);
			runOnlyForDeploymentPostprocessing = 0;
		};
		260224CB25F82B6D007FA55E /* Frameworks */ = {
			isa = PBXFrameworksBuildPhase;
			buildActionMask = 2147483647;
			files = (
				507C532521555835D35CFBAF /* Pods_parstagram_parstagramUITests.framework in Frameworks */,
			);
			runOnlyForDeploymentPostprocessing = 0;
		};
/* End PBXFrameworksBuildPhase section */

/* Begin PBXGroup section */
		2516CF763AF1A060CF4BD95D /* Pods */ = {
			isa = PBXGroup;
			children = (
				DC2BBFC7CDAB495C39AE9FEC /* Pods-parstagram.debug.xcconfig */,
				52590F8F0280306BE442B2DA /* Pods-parstagram.release.xcconfig */,
				C7CF32B534E63B7DF949F9EC /* Pods-parstagram-parstagramUITests.debug.xcconfig */,
				849AC3BC70473F0709C82DDA /* Pods-parstagram-parstagramUITests.release.xcconfig */,
				159DBC148ED9645FF42B07E2 /* Pods-parstagramTests.debug.xcconfig */,
				0CAC9E8DCD8474F729BC4A14 /* Pods-parstagramTests.release.xcconfig */,
			);
			path = Pods;
			sourceTree = "<group>";
		};
		260224A425F82B6A007FA55E = {
			isa = PBXGroup;
			children = (
				260224AF25F82B6A007FA55E /* parstagram */,
				260224C625F82B6D007FA55E /* parstagramTests */,
				260224D125F82B6D007FA55E /* parstagramUITests */,
				260224AE25F82B6A007FA55E /* Products */,
				2516CF763AF1A060CF4BD95D /* Pods */,
				7BFBCB357D1865D4A54A2008 /* Frameworks */,
			);
			sourceTree = "<group>";
		};
		260224AE25F82B6A007FA55E /* Products */ = {
			isa = PBXGroup;
			children = (
				260224AD25F82B6A007FA55E /* parstagram.app */,
				260224C325F82B6D007FA55E /* parstagramTests.xctest */,
				260224CE25F82B6D007FA55E /* parstagramUITests.xctest */,
			);
			name = Products;
			sourceTree = "<group>";
		};
		260224AF25F82B6A007FA55E /* parstagram */ = {
			isa = PBXGroup;
			children = (
				260224B025F82B6A007FA55E /* AppDelegate.swift */,
				260224B225F82B6A007FA55E /* SceneDelegate.swift */,
				260224B625F82B6A007FA55E /* Main.storyboard */,
				260224B925F82B6D007FA55E /* Assets.xcassets */,
				260224BB25F82B6D007FA55E /* LaunchScreen.storyboard */,
				260224BE25F82B6D007FA55E /* Info.plist */,
				260224EF25F83E20007FA55E /* LoginViewController.swift */,
				260224F425F83E2B007FA55E /* FeedViewController.swift */,
				260224F925F844F4007FA55E /* CameraViewController.swift */,
				2632080225F87EFE001828BA /* PostCell.swift */,
				2632080726052586001828BA /* CommentCell.swift */,
			);
			path = parstagram;
			sourceTree = "<group>";
		};
		260224C625F82B6D007FA55E /* parstagramTests */ = {
			isa = PBXGroup;
			children = (
				260224C725F82B6D007FA55E /* parstagramTests.swift */,
				260224C925F82B6D007FA55E /* Info.plist */,
			);
			path = parstagramTests;
			sourceTree = "<group>";
		};
		260224D125F82B6D007FA55E /* parstagramUITests */ = {
			isa = PBXGroup;
			children = (
				260224D225F82B6D007FA55E /* parstagramUITests.swift */,
				260224D425F82B6D007FA55E /* Info.plist */,
			);
			path = parstagramUITests;
			sourceTree = "<group>";
		};
		7BFBCB357D1865D4A54A2008 /* Frameworks */ = {
			isa = PBXGroup;
			children = (
				1687E2BDDAB0D824D73A87B6 /* Pods_parstagram.framework */,
				9817BD2276A69E270A3F0A67 /* Pods_parstagram_parstagramUITests.framework */,
				137F6CC2D92530E87AFAF059 /* Pods_parstagramTests.framework */,
			);
			name = Frameworks;
			sourceTree = "<group>";
		};
/* End PBXGroup section */

/* Begin PBXNativeTarget section */
		260224AC25F82B6A007FA55E /* parstagram */ = {
			isa = PBXNativeTarget;
			buildConfigurationList = 260224D725F82B6D007FA55E /* Build configuration list for PBXNativeTarget "parstagram" */;
			buildPhases = (
				0DA357A3A53FF6125AA871B5 /* [CP] Check Pods Manifest.lock */,
				260224A925F82B6A007FA55E /* Sources */,
				260224AA25F82B6A007FA55E /* Frameworks */,
				260224AB25F82B6A007FA55E /* Resources */,
				6E74EA5DDB1F846F1F7F16B8 /* [CP] Embed Pods Frameworks */,
			);
			buildRules = (
			);
			dependencies = (
			);
			name = parstagram;
			productName = parstagram;
			productReference = 260224AD25F82B6A007FA55E /* parstagram.app */;
			productType = "com.apple.product-type.application";
		};
		260224C225F82B6D007FA55E /* parstagramTests */ = {
			isa = PBXNativeTarget;
			buildConfigurationList = 260224DA25F82B6D007FA55E /* Build configuration list for PBXNativeTarget "parstagramTests" */;
			buildPhases = (
				57E79A6DCD37A8E851B3424B /* [CP] Check Pods Manifest.lock */,
				260224BF25F82B6D007FA55E /* Sources */,
				260224C025F82B6D007FA55E /* Frameworks */,
				260224C125F82B6D007FA55E /* Resources */,
			);
			buildRules = (
			);
			dependencies = (
				260224C525F82B6D007FA55E /* PBXTargetDependency */,
			);
			name = parstagramTests;
			productName = parstagramTests;
			productReference = 260224C325F82B6D007FA55E /* parstagramTests.xctest */;
			productType = "com.apple.product-type.bundle.unit-test";
		};
		260224CD25F82B6D007FA55E /* parstagramUITests */ = {
			isa = PBXNativeTarget;
			buildConfigurationList = 260224DD25F82B6D007FA55E /* Build configuration list for PBXNativeTarget "parstagramUITests" */;
			buildPhases = (
				52C081588B51FCFF065B6C6C /* [CP] Check Pods Manifest.lock */,
				260224CA25F82B6D007FA55E /* Sources */,
				260224CB25F82B6D007FA55E /* Frameworks */,
				260224CC25F82B6D007FA55E /* Resources */,
				E39160243A3FCACB064F72D8 /* [CP] Embed Pods Frameworks */,
			);
			buildRules = (
			);
			dependencies = (
				260224D025F82B6D007FA55E /* PBXTargetDependency */,
			);
			name = parstagramUITests;
			productName = parstagramUITests;
			productReference = 260224CE25F82B6D007FA55E /* parstagramUITests.xctest */;
			productType = "com.apple.product-type.bundle.ui-testing";
		};
/* End PBXNativeTarget section */

/* Begin PBXProject section */
		260224A525F82B6A007FA55E /* Project object */ = {
			isa = PBXProject;
			attributes = {
				LastSwiftUpdateCheck = 1240;
				LastUpgradeCheck = 1240;
				TargetAttributes = {
					260224AC25F82B6A007FA55E = {
						CreatedOnToolsVersion = 12.4;
					};
					260224C225F82B6D007FA55E = {
						CreatedOnToolsVersion = 12.4;
						TestTargetID = 260224AC25F82B6A007FA55E;
					};
					260224CD25F82B6D007FA55E = {
						CreatedOnToolsVersion = 12.4;
						TestTargetID = 260224AC25F82B6A007FA55E;
					};
				};
			};
			buildConfigurationList = 260224A825F82B6A007FA55E /* Build configuration list for PBXProject "parstagram" */;
			compatibilityVersion = "Xcode 9.3";
			developmentRegion = en;
			hasScannedForEncodings = 0;
			knownRegions = (
				en,
				Base,
			);
			mainGroup = 260224A425F82B6A007FA55E;
			productRefGroup = 260224AE25F82B6A007FA55E /* Products */;
			projectDirPath = "";
			projectRoot = "";
			targets = (
				260224AC25F82B6A007FA55E /* parstagram */,
				260224C225F82B6D007FA55E /* parstagramTests */,
				260224CD25F82B6D007FA55E /* parstagramUITests */,
			);
		};
/* End PBXProject section */

/* Begin PBXResourcesBuildPhase section */
		260224AB25F82B6A007FA55E /* Resources */ = {
			isa = PBXResourcesBuildPhase;
			buildActionMask = 2147483647;
			files = (
				260224BD25F82B6D007FA55E /* LaunchScreen.storyboard in Resources */,
				260224BA25F82B6D007FA55E /* Assets.xcassets in Resources */,
				260224B825F82B6A007FA55E /* Main.storyboard in Resources */,
			);
			runOnlyForDeploymentPostprocessing = 0;
		};
		260224C125F82B6D007FA55E /* Resources */ = {
			isa = PBXResourcesBuildPhase;
			buildActionMask = 2147483647;
			files = (
			);
			runOnlyForDeploymentPostprocessing = 0;
		};
		260224CC25F82B6D007FA55E /* Resources */ = {
			isa = PBXResourcesBuildPhase;
			buildActionMask = 2147483647;
			files = (
			);
			runOnlyForDeploymentPostprocessing = 0;
		};
/* End PBXResourcesBuildPhase section */

/* Begin PBXShellScriptBuildPhase section */
		0DA357A3A53FF6125AA871B5 /* [CP] Check Pods Manifest.lock */ = {
			isa = PBXShellScriptBuildPhase;
			buildActionMask = 2147483647;
			files = (
			);
			inputFileListPaths = (
			);
			inputPaths = (
				"${PODS_PODFILE_DIR_PATH}/Podfile.lock",
				"${PODS_ROOT}/Manifest.lock",
			);
			name = "[CP] Check Pods Manifest.lock";
			outputFileListPaths = (
			);
			outputPaths = (
				"$(DERIVED_FILE_DIR)/Pods-parstagram-checkManifestLockResult.txt",
			);
			runOnlyForDeploymentPostprocessing = 0;
			shellPath = /bin/sh;
			shellScript = "diff \"${PODS_PODFILE_DIR_PATH}/Podfile.lock\" \"${PODS_ROOT}/Manifest.lock\" > /dev/null\nif [ $? != 0 ] ; then\n    # print error to STDERR\n    echo \"error: The sandbox is not in sync with the Podfile.lock. Run 'pod install' or update your CocoaPods installation.\" >&2\n    exit 1\nfi\n# This output is used by Xcode 'outputs' to avoid re-running this script phase.\necho \"SUCCESS\" > \"${SCRIPT_OUTPUT_FILE_0}\"\n";
			showEnvVarsInLog = 0;
		};
		52C081588B51FCFF065B6C6C /* [CP] Check Pods Manifest.lock */ = {
			isa = PBXShellScriptBuildPhase;
			buildActionMask = 2147483647;
			files = (
			);
			inputFileListPaths = (
			);
			inputPaths = (
				"${PODS_PODFILE_DIR_PATH}/Podfile.lock",
				"${PODS_ROOT}/Manifest.lock",
			);
			name = "[CP] Check Pods Manifest.lock";
			outputFileListPaths = (
			);
			outputPaths = (
				"$(DERIVED_FILE_DIR)/Pods-parstagram-parstagramUITests-checkManifestLockResult.txt",
			);
			runOnlyForDeploymentPostprocessing = 0;
			shellPath = /bin/sh;
			shellScript = "diff \"${PODS_PODFILE_DIR_PATH}/Podfile.lock\" \"${PODS_ROOT}/Manifest.lock\" > /dev/null\nif [ $? != 0 ] ; then\n    # print error to STDERR\n    echo \"error: The sandbox is not in sync with the Podfile.lock. Run 'pod install' or update your CocoaPods installation.\" >&2\n    exit 1\nfi\n# This output is used by Xcode 'outputs' to avoid re-running this script phase.\necho \"SUCCESS\" > \"${SCRIPT_OUTPUT_FILE_0}\"\n";
			showEnvVarsInLog = 0;
		};
		57E79A6DCD37A8E851B3424B /* [CP] Check Pods Manifest.lock */ = {
			isa = PBXShellScriptBuildPhase;
			buildActionMask = 2147483647;
			files = (
			);
			inputFileListPaths = (
			);
			inputPaths = (
				"${PODS_PODFILE_DIR_PATH}/Podfile.lock",
				"${PODS_ROOT}/Manifest.lock",
			);
			name = "[CP] Check Pods Manifest.lock";
			outputFileListPaths = (
			);
			outputPaths = (
				"$(DERIVED_FILE_DIR)/Pods-parstagramTests-checkManifestLockResult.txt",
			);
			runOnlyForDeploymentPostprocessing = 0;
			shellPath = /bin/sh;
			shellScript = "diff \"${PODS_PODFILE_DIR_PATH}/Podfile.lock\" \"${PODS_ROOT}/Manifest.lock\" > /dev/null\nif [ $? != 0 ] ; then\n    # print error to STDERR\n    echo \"error: The sandbox is not in sync with the Podfile.lock. Run 'pod install' or update your CocoaPods installation.\" >&2\n    exit 1\nfi\n# This output is used by Xcode 'outputs' to avoid re-running this script phase.\necho \"SUCCESS\" > \"${SCRIPT_OUTPUT_FILE_0}\"\n";
			showEnvVarsInLog = 0;
		};
		6E74EA5DDB1F846F1F7F16B8 /* [CP] Embed Pods Frameworks */ = {
			isa = PBXShellScriptBuildPhase;
			buildActionMask = 2147483647;
			files = (
			);
			inputFileListPaths = (
				"${PODS_ROOT}/Target Support Files/Pods-parstagram/Pods-parstagram-frameworks-${CONFIGURATION}-input-files.xcfilelist",
			);
			name = "[CP] Embed Pods Frameworks";
			outputFileListPaths = (
				"${PODS_ROOT}/Target Support Files/Pods-parstagram/Pods-parstagram-frameworks-${CONFIGURATION}-output-files.xcfilelist",
			);
			runOnlyForDeploymentPostprocessing = 0;
			shellPath = /bin/sh;
			shellScript = "\"${PODS_ROOT}/Target Support Files/Pods-parstagram/Pods-parstagram-frameworks.sh\"\n";
			showEnvVarsInLog = 0;
		};
		E39160243A3FCACB064F72D8 /* [CP] Embed Pods Frameworks */ = {
			isa = PBXShellScriptBuildPhase;
			buildActionMask = 2147483647;
			files = (
			);
			inputFileListPaths = (
				"${PODS_ROOT}/Target Support Files/Pods-parstagram-parstagramUITests/Pods-parstagram-parstagramUITests-frameworks-${CONFIGURATION}-input-files.xcfilelist",
			);
			name = "[CP] Embed Pods Frameworks";
			outputFileListPaths = (
				"${PODS_ROOT}/Target Support Files/Pods-parstagram-parstagramUITests/Pods-parstagram-parstagramUITests-frameworks-${CONFIGURATION}-output-files.xcfilelist",
			);
			runOnlyForDeploymentPostprocessing = 0;
			shellPath = /bin/sh;
			shellScript = "\"${PODS_ROOT}/Target Support Files/Pods-parstagram-parstagramUITests/Pods-parstagram-parstagramUITests-frameworks.sh\"\n";
			showEnvVarsInLog = 0;
		};
/* End PBXShellScriptBuildPhase section */

/* Begin PBXSourcesBuildPhase section */
		260224A925F82B6A007FA55E /* Sources */ = {
			isa = PBXSourcesBuildPhase;
			buildActionMask = 2147483647;
			files = (
				260224F025F83E20007FA55E /* LoginViewController.swift in Sources */,
				260224FA25F844F4007FA55E /* CameraViewController.swift in Sources */,
				260224B125F82B6A007FA55E /* AppDelegate.swift in Sources */,
				260224F525F83E2B007FA55E /* FeedViewController.swift in Sources */,
				260224B325F82B6A007FA55E /* SceneDelegate.swift in Sources */,
				2632080325F87EFE001828BA /* PostCell.swift in Sources */,
				2632080826052586001828BA /* CommentCell.swift in Sources */,
			);
			runOnlyForDeploymentPostprocessing = 0;
		};
		260224BF25F82B6D007FA55E /* Sources */ = {
			isa = PBXSourcesBuildPhase;
			buildActionMask = 2147483647;
			files = (
				260224C825F82B6D007FA55E /* parstagramTests.swift in Sources */,
			);
			runOnlyForDeploymentPostprocessing = 0;
		};
		260224CA25F82B6D007FA55E /* Sources */ = {
			isa = PBXSourcesBuildPhase;
			buildActionMask = 2147483647;
			files = (
				260224D325F82B6D007FA55E /* parstagramUITests.swift in Sources */,
			);
			runOnlyForDeploymentPostprocessing = 0;
		};
/* End PBXSourcesBuildPhase section */

/* Begin PBXTargetDependency section */
		260224C525F82B6D007FA55E /* PBXTargetDependency */ = {
			isa = PBXTargetDependency;
			target = 260224AC25F82B6A007FA55E /* parstagram */;
			targetProxy = 260224C425F82B6D007FA55E /* PBXContainerItemProxy */;
		};
		260224D025F82B6D007FA55E /* PBXTargetDependency */ = {
			isa = PBXTargetDependency;
			target = 260224AC25F82B6A007FA55E /* parstagram */;
			targetProxy = 260224CF25F82B6D007FA55E /* PBXContainerItemProxy */;
		};
/* End PBXTargetDependency section */

/* Begin PBXVariantGroup section */
		260224B625F82B6A007FA55E /* Main.storyboard */ = {
			isa = PBXVariantGroup;
			children = (
				260224B725F82B6A007FA55E /* Base */,
			);
			name = Main.storyboard;
			sourceTree = "<group>";
		};
		260224BB25F82B6D007FA55E /* LaunchScreen.storyboard */ = {
			isa = PBXVariantGroup;
			children = (
				260224BC25F82B6D007FA55E /* Base */,
			);
			name = LaunchScreen.storyboard;
			sourceTree = "<group>";
		};
/* End PBXVariantGroup section */

/* Begin XCBuildConfiguration section */
		260224D525F82B6D007FA55E /* Debug */ = {
			isa = XCBuildConfiguration;
			buildSettings = {
				ALWAYS_SEARCH_USER_PATHS = NO;
				CLANG_ANALYZER_NONNULL = YES;
				CLANG_ANALYZER_NUMBER_OBJECT_CONVERSION = YES_AGGRESSIVE;
				CLANG_CXX_LANGUAGE_STANDARD = "gnu++14";
				CLANG_CXX_LIBRARY = "libc++";
				CLANG_ENABLE_MODULES = YES;
				CLANG_ENABLE_OBJC_ARC = YES;
				CLANG_ENABLE_OBJC_WEAK = YES;
				CLANG_WARN_BLOCK_CAPTURE_AUTORELEASING = YES;
				CLANG_WARN_BOOL_CONVERSION = YES;
				CLANG_WARN_COMMA = YES;
				CLANG_WARN_CONSTANT_CONVERSION = YES;
				CLANG_WARN_DEPRECATED_OBJC_IMPLEMENTATIONS = YES;
				CLANG_WARN_DIRECT_OBJC_ISA_USAGE = YES_ERROR;
				CLANG_WARN_DOCUMENTATION_COMMENTS = YES;
				CLANG_WARN_EMPTY_BODY = YES;
				CLANG_WARN_ENUM_CONVERSION = YES;
				CLANG_WARN_INFINITE_RECURSION = YES;
				CLANG_WARN_INT_CONVERSION = YES;
				CLANG_WARN_NON_LITERAL_NULL_CONVERSION = YES;
				CLANG_WARN_OBJC_IMPLICIT_RETAIN_SELF = YES;
				CLANG_WARN_OBJC_LITERAL_CONVERSION = YES;
				CLANG_WARN_OBJC_ROOT_CLASS = YES_ERROR;
				CLANG_WARN_QUOTED_INCLUDE_IN_FRAMEWORK_HEADER = YES;
				CLANG_WARN_RANGE_LOOP_ANALYSIS = YES;
				CLANG_WARN_STRICT_PROTOTYPES = YES;
				CLANG_WARN_SUSPICIOUS_MOVE = YES;
				CLANG_WARN_UNGUARDED_AVAILABILITY = YES_AGGRESSIVE;
				CLANG_WARN_UNREACHABLE_CODE = YES;
				CLANG_WARN__DUPLICATE_METHOD_MATCH = YES;
				COPY_PHASE_STRIP = NO;
				DEBUG_INFORMATION_FORMAT = dwarf;
				ENABLE_STRICT_OBJC_MSGSEND = YES;
				ENABLE_TESTABILITY = YES;
				GCC_C_LANGUAGE_STANDARD = gnu11;
				GCC_DYNAMIC_NO_PIC = NO;
				GCC_NO_COMMON_BLOCKS = YES;
				GCC_OPTIMIZATION_LEVEL = 0;
				GCC_PREPROCESSOR_DEFINITIONS = (
					"DEBUG=1",
					"$(inherited)",
				);
				GCC_WARN_64_TO_32_BIT_CONVERSION = YES;
				GCC_WARN_ABOUT_RETURN_TYPE = YES_ERROR;
				GCC_WARN_UNDECLARED_SELECTOR = YES;
				GCC_WARN_UNINITIALIZED_AUTOS = YES_AGGRESSIVE;
				GCC_WARN_UNUSED_FUNCTION = YES;
				GCC_WARN_UNUSED_VARIABLE = YES;
				IPHONEOS_DEPLOYMENT_TARGET = 14.4;
				MTL_ENABLE_DEBUG_INFO = INCLUDE_SOURCE;
				MTL_FAST_MATH = YES;
				ONLY_ACTIVE_ARCH = YES;
				SDKROOT = iphoneos;
				SWIFT_ACTIVE_COMPILATION_CONDITIONS = DEBUG;
				SWIFT_OPTIMIZATION_LEVEL = "-Onone";
			};
			name = Debug;
		};
		260224D625F82B6D007FA55E /* Release */ = {
			isa = XCBuildConfiguration;
			buildSettings = {
				ALWAYS_SEARCH_USER_PATHS = NO;
				CLANG_ANALYZER_NONNULL = YES;
				CLANG_ANALYZER_NUMBER_OBJECT_CONVERSION = YES_AGGRESSIVE;
				CLANG_CXX_LANGUAGE_STANDARD = "gnu++14";
				CLANG_CXX_LIBRARY = "libc++";
				CLANG_ENABLE_MODULES = YES;
				CLANG_ENABLE_OBJC_ARC = YES;
				CLANG_ENABLE_OBJC_WEAK = YES;
				CLANG_WARN_BLOCK_CAPTURE_AUTORELEASING = YES;
				CLANG_WARN_BOOL_CONVERSION = YES;
				CLANG_WARN_COMMA = YES;
				CLANG_WARN_CONSTANT_CONVERSION = YES;
				CLANG_WARN_DEPRECATED_OBJC_IMPLEMENTATIONS = YES;
				CLANG_WARN_DIRECT_OBJC_ISA_USAGE = YES_ERROR;
				CLANG_WARN_DOCUMENTATION_COMMENTS = YES;
				CLANG_WARN_EMPTY_BODY = YES;
				CLANG_WARN_ENUM_CONVERSION = YES;
				CLANG_WARN_INFINITE_RECURSION = YES;
				CLANG_WARN_INT_CONVERSION = YES;
				CLANG_WARN_NON_LITERAL_NULL_CONVERSION = YES;
				CLANG_WARN_OBJC_IMPLICIT_RETAIN_SELF = YES;
				CLANG_WARN_OBJC_LITERAL_CONVERSION = YES;
				CLANG_WARN_OBJC_ROOT_CLASS = YES_ERROR;
				CLANG_WARN_QUOTED_INCLUDE_IN_FRAMEWORK_HEADER = YES;
				CLANG_WARN_RANGE_LOOP_ANALYSIS = YES;
				CLANG_WARN_STRICT_PROTOTYPES = YES;
				CLANG_WARN_SUSPICIOUS_MOVE = YES;
				CLANG_WARN_UNGUARDED_AVAILABILITY = YES_AGGRESSIVE;
				CLANG_WARN_UNREACHABLE_CODE = YES;
				CLANG_WARN__DUPLICATE_METHOD_MATCH = YES;
				COPY_PHASE_STRIP = NO;
				DEBUG_INFORMATION_FORMAT = "dwarf-with-dsym";
				ENABLE_NS_ASSERTIONS = NO;
				ENABLE_STRICT_OBJC_MSGSEND = YES;
				GCC_C_LANGUAGE_STANDARD = gnu11;
				GCC_NO_COMMON_BLOCKS = YES;
				GCC_WARN_64_TO_32_BIT_CONVERSION = YES;
				GCC_WARN_ABOUT_RETURN_TYPE = YES_ERROR;
				GCC_WARN_UNDECLARED_SELECTOR = YES;
				GCC_WARN_UNINITIALIZED_AUTOS = YES_AGGRESSIVE;
				GCC_WARN_UNUSED_FUNCTION = YES;
				GCC_WARN_UNUSED_VARIABLE = YES;
				IPHONEOS_DEPLOYMENT_TARGET = 14.4;
				MTL_ENABLE_DEBUG_INFO = NO;
				MTL_FAST_MATH = YES;
				SDKROOT = iphoneos;
				SWIFT_COMPILATION_MODE = wholemodule;
				SWIFT_OPTIMIZATION_LEVEL = "-O";
				VALIDATE_PRODUCT = YES;
			};
			name = Release;
		};
		260224D825F82B6D007FA55E /* Debug */ = {
			isa = XCBuildConfiguration;
			baseConfigurationReference = DC2BBFC7CDAB495C39AE9FEC /* Pods-parstagram.debug.xcconfig */;
			buildSettings = {
				ASSETCATALOG_COMPILER_APPICON_NAME = AppIcon;
				ASSETCATALOG_COMPILER_GLOBAL_ACCENT_COLOR_NAME = AccentColor;
				CODE_SIGN_STYLE = Automatic;
				INFOPLIST_FILE = parstagram/Info.plist;
				LD_RUNPATH_SEARCH_PATHS = (
					"$(inherited)",
					"@executable_path/Frameworks",
				);
				PRODUCT_BUNDLE_IDENTIFIER = Codepath.parstagram;
				PRODUCT_NAME = "$(TARGET_NAME)";
				SWIFT_VERSION = 5.0;
				TARGETED_DEVICE_FAMILY = "1,2";
			};
			name = Debug;
		};
		260224D925F82B6D007FA55E /* Release */ = {
			isa = XCBuildConfiguration;
			baseConfigurationReference = 52590F8F0280306BE442B2DA /* Pods-parstagram.release.xcconfig */;
			buildSettings = {
				ASSETCATALOG_COMPILER_APPICON_NAME = AppIcon;
				ASSETCATALOG_COMPILER_GLOBAL_ACCENT_COLOR_NAME = AccentColor;
				CODE_SIGN_STYLE = Automatic;
				INFOPLIST_FILE = parstagram/Info.plist;
				LD_RUNPATH_SEARCH_PATHS = (
					"$(inherited)",
					"@executable_path/Frameworks",
				);
				PRODUCT_BUNDLE_IDENTIFIER = Codepath.parstagram;
				PRODUCT_NAME = "$(TARGET_NAME)";
				SWIFT_VERSION = 5.0;
				TARGETED_DEVICE_FAMILY = "1,2";
			};
			name = Release;
		};
		260224DB25F82B6D007FA55E /* Debug */ = {
			isa = XCBuildConfiguration;
			baseConfigurationReference = 159DBC148ED9645FF42B07E2 /* Pods-parstagramTests.debug.xcconfig */;
			buildSettings = {
				ALWAYS_EMBED_SWIFT_STANDARD_LIBRARIES = YES;
				BUNDLE_LOADER = "$(TEST_HOST)";
				CODE_SIGN_STYLE = Automatic;
				INFOPLIST_FILE = parstagramTests/Info.plist;
				IPHONEOS_DEPLOYMENT_TARGET = 14.4;
				LD_RUNPATH_SEARCH_PATHS = (
					"$(inherited)",
					"@executable_path/Frameworks",
					"@loader_path/Frameworks",
				);
				PRODUCT_BUNDLE_IDENTIFIER = Codepath.parstagramTests;
				PRODUCT_NAME = "$(TARGET_NAME)";
				SWIFT_VERSION = 5.0;
				TARGETED_DEVICE_FAMILY = "1,2";
				TEST_HOST = "$(BUILT_PRODUCTS_DIR)/parstagram.app/parstagram";
			};
			name = Debug;
		};
		260224DC25F82B6D007FA55E /* Release */ = {
			isa = XCBuildConfiguration;
			baseConfigurationReference = 0CAC9E8DCD8474F729BC4A14 /* Pods-parstagramTests.release.xcconfig */;
			buildSettings = {
				ALWAYS_EMBED_SWIFT_STANDARD_LIBRARIES = YES;
				BUNDLE_LOADER = "$(TEST_HOST)";
				CODE_SIGN_STYLE = Automatic;
				INFOPLIST_FILE = parstagramTests/Info.plist;
				IPHONEOS_DEPLOYMENT_TARGET = 14.4;
				LD_RUNPATH_SEARCH_PATHS = (
					"$(inherited)",
					"@executable_path/Frameworks",
					"@loader_path/Frameworks",
				);
				PRODUCT_BUNDLE_IDENTIFIER = Codepath.parstagramTests;
				PRODUCT_NAME = "$(TARGET_NAME)";
				SWIFT_VERSION = 5.0;
				TARGETED_DEVICE_FAMILY = "1,2";
				TEST_HOST = "$(BUILT_PRODUCTS_DIR)/parstagram.app/parstagram";
			};
			name = Release;
		};
		260224DE25F82B6D007FA55E /* Debug */ = {
			isa = XCBuildConfiguration;
			baseConfigurationReference = C7CF32B534E63B7DF949F9EC /* Pods-parstagram-parstagramUITests.debug.xcconfig */;
			buildSettings = {
				ALWAYS_EMBED_SWIFT_STANDARD_LIBRARIES = YES;
				CODE_SIGN_STYLE = Automatic;
				INFOPLIST_FILE = parstagramUITests/Info.plist;
				LD_RUNPATH_SEARCH_PATHS = (
					"$(inherited)",
					"@executable_path/Frameworks",
					"@loader_path/Frameworks",
				);
				PRODUCT_BUNDLE_IDENTIFIER = Codepath.parstagramUITests;
				PRODUCT_NAME = "$(TARGET_NAME)";
				SWIFT_VERSION = 5.0;
				TARGETED_DEVICE_FAMILY = "1,2";
				TEST_TARGET_NAME = parstagram;
			};
			name = Debug;
		};
		260224DF25F82B6D007FA55E /* Release */ = {
			isa = XCBuildConfiguration;
			baseConfigurationReference = 849AC3BC70473F0709C82DDA /* Pods-parstagram-parstagramUITests.release.xcconfig */;
			buildSettings = {
				ALWAYS_EMBED_SWIFT_STANDARD_LIBRARIES = YES;
				CODE_SIGN_STYLE = Automatic;
				INFOPLIST_FILE = parstagramUITests/Info.plist;
				LD_RUNPATH_SEARCH_PATHS = (
					"$(inherited)",
					"@executable_path/Frameworks",
					"@loader_path/Frameworks",
				);
				PRODUCT_BUNDLE_IDENTIFIER = Codepath.parstagramUITests;
				PRODUCT_NAME = "$(TARGET_NAME)";
				SWIFT_VERSION = 5.0;
				TARGETED_DEVICE_FAMILY = "1,2";
				TEST_TARGET_NAME = parstagram;
			};
			name = Release;
		};
/* End XCBuildConfiguration section */

/* Begin XCConfigurationList section */
		260224A825F82B6A007FA55E /* Build configuration list for PBXProject "parstagram" */ = {
			isa = XCConfigurationList;
			buildConfigurations = (
				260224D525F82B6D007FA55E /* Debug */,
				260224D625F82B6D007FA55E /* Release */,
			);
			defaultConfigurationIsVisible = 0;
			defaultConfigurationName = Release;
		};
		260224D725F82B6D007FA55E /* Build configuration list for PBXNativeTarget "parstagram" */ = {
			isa = XCConfigurationList;
			buildConfigurations = (
				260224D825F82B6D007FA55E /* Debug */,
				260224D925F82B6D007FA55E /* Release */,
			);
			defaultConfigurationIsVisible = 0;
			defaultConfigurationName = Release;
		};
		260224DA25F82B6D007FA55E /* Build configuration list for PBXNativeTarget "parstagramTests" */ = {
			isa = XCConfigurationList;
			buildConfigurations = (
				260224DB25F82B6D007FA55E /* Debug */,
				260224DC25F82B6D007FA55E /* Release */,
			);
			defaultConfigurationIsVisible = 0;
			defaultConfigurationName = Release;
		};
		260224DD25F82B6D007FA55E /* Build configuration list for PBXNativeTarget "parstagramUITests" */ = {
			isa = XCConfigurationList;
			buildConfigurations = (
				260224DE25F82B6D007FA55E /* Debug */,
				260224DF25F82B6D007FA55E /* Release */,
			);
			defaultConfigurationIsVisible = 0;
			defaultConfigurationName = Release;
		};
/* End XCConfigurationList section */
	};
	rootObject = 260224A525F82B6A007FA55E /* Project object */;
}
